# This file is automatically @generated by Cargo.
# It is not intended for manual editing.
version = 4

[[package]]
name = "base"
version = "0.1.0"
dependencies = [
 "smallvec",
]

[[package]]
name = "cascal"
version = "0.1.0"
dependencies = [
 "base",
]

[[package]]
name = "smallvec"
version = "1.16.1"
